<?xml version="1.0" encoding="utf-8"?>
<Project ToolsVersion="4.0" xmlns="http://schemas.microsoft.com/developer/msbuild/2003">
  <ItemGroup>
    <Filter Include="Source Files">
      <UniqueIdentifier>{4FC737F1-C7A5-4376-A066-2A32D752A2FF}</UniqueIdentifier>
      <Extensions>cpp;c;cc;cxx;def;odl;idl;hpj;bat;asm;asmx</Extensions>
    </Filter>
    <Filter Include="Header Files">
      <UniqueIdentifier>{93995380-89BD-4b04-88EB-625FBE52EBFB}</UniqueIdentifier>
      <Extensions>h;hh;hpp;hxx;hm;inl;inc;ipp;xsd</Extensions>
    </Filter>
    <Filter Include="Resource Files">
      <UniqueIdentifier>{67DA6AB6-F800-4c08-8B7A-83BB121AAD01}</UniqueIdentifier>
      <Extensions>rc;ico;cur;bmp;dlg;rc2;rct;bin;rgs;gif;jpg;jpeg;jpe;resx;tiff;tif;png;wav;mfcribbon-ms</Extensions>
    </Filter>
    <Filter Include="Generated Files">
      <UniqueIdentifier>{3996dde2-e3e7-4a0b-a8ba-e442c9013008}</UniqueIdentifier>
      <SourceControlFiles>False</SourceControlFiles>
    </Filter>
    <Filter Include="IDL">
      <UniqueIdentifier>{cef94361-35d1-4f2b-ac30-e9ebf44a898c}</UniqueIdentifier>
    </Filter>
  </ItemGroup>
  <ItemGroup>
    <ClCompile Include="stdafx.cpp">
      <Filter>Source Files</Filter>
    </ClCompile>
    <ClCompile Include="MFPipeTest.cpp">
      <Filter>Source Files</Filter>
    </ClCompile>
    <ClCompile Include="dllmain.cpp">
      <Filter>Source Files</Filter>
    </ClCompile>
    <ClCompile Include="xdlldata.c">
      <Filter>Source Files</Filter>
    </ClCompile>
    <ClCompile Include="CoMFPipeTest.cpp">
      <Filter>Source Files</Filter>
    </ClCompile>
    <ClCompile Include="MIDL32\MFPipeTest_i.c">
      <Filter>Generated Files</Filter>
    </ClCompile>
    <ClCompile Include="TransmitterBase.cpp">
      <Filter>Source Files</Filter>
    </ClCompile>
    <ClCompile Include="MFDataWriter.cpp">
      <Filter>Source Files</Filter>
    </ClCompile>
    <ClCompile Include="MFDataReader.cpp">
      <Filter>Source Files</Filter>
    </ClCompile>
    <ClCompile Include="UDPTransmitter.cpp">
      <Filter>Source Files</Filter>
    </ClCompile>
    <ClCompile Include="TCPTransmitter.cpp">
      <Filter>Source Files</Filter>
    </ClCompile>
    <ClCompile Include="Stringer.cpp">
      <Filter>Source Files</Filter>
    </ClCompile>
    <ClCompile Include="QueueItem.cpp">
      <Filter>Source Files</Filter>
    </ClCompile>
  </ItemGroup>
  <ItemGroup>
    <ClInclude Include="stdafx.h">
      <Filter>Header Files</Filter>
    </ClInclude>
    <ClInclude Include="targetver.h">
      <Filter>Header Files</Filter>
    </ClInclude>
    <ClInclude Include="Resource.h">
      <Filter>Header Files</Filter>
    </ClInclude>
    <ClInclude Include="dllmain.h">
      <Filter>Header Files</Filter>
    </ClInclude>
    <ClInclude Include="xdlldata.h">
      <Filter>Header Files</Filter>
    </ClInclude>
    <ClInclude Include="CoMFPipeTest.h">
      <Filter>Header Files</Filter>
    </ClInclude>
    <ClInclude Include="MIDL32\MDefines.h">
      <Filter>Generated Files</Filter>
    </ClInclude>
    <ClInclude Include="MIDL32\MFPipeTest_i.h">
      <Filter>Generated Files</Filter>
    </ClInclude>
    <ClInclude Include="MIDL32\MInterfaces.h">
      <Filter>Generated Files</Filter>
    </ClInclude>
    <ClInclude Include="TransmitterBase.h">
      <Filter>Header Files</Filter>
    </ClInclude>
    <ClInclude Include="MFDataReader.h">
      <Filter>Header Files</Filter>
    </ClInclude>
    <ClInclude Include="MFDataWriter.h">
      <Filter>Header Files</Filter>
    </ClInclude>
    <ClInclude Include="TCPTransmitter.h">
      <Filter>Header Files</Filter>
    </ClInclude>
    <ClInclude Include="UDPTransmitter.h">
      <Filter>Header Files</Filter>
    </ClInclude>
    <ClInclude Include="Stringer.h">
      <Filter>Header Files</Filter>
    </ClInclude>
    <ClInclude Include="QueueItem.h">
      <Filter>Header Files</Filter>
    </ClInclude>
    <ClInclude Include="MFTypes.h">
      <Filter>Header Files</Filter>
    </ClInclude>
  </ItemGroup>
  <ItemGroup>
    <ResourceCompile Include="MFPipeTest.rc">
      <Filter>Resource Files</Filter>
    </ResourceCompile>
  </ItemGroup>
  <ItemGroup>
    <None Include="MFPipeTest.rgs">
      <Filter>Resource Files</Filter>
    </None>
    <None Include="MFPipeTest.def">
      <Filter>Source Files</Filter>
    </None>
    <None Include="CoMFPipeTest.rgs">
      <Filter>Resource Files</Filter>
    </None>
  </ItemGroup>
  <ItemGroup>
    <Midl Include="MFPipeTest.idl">
      <Filter>IDL</Filter>
    </Midl>
    <Midl Include="IDL\MDefines.idl">
      <Filter>IDL</Filter>
    </Midl>
    <Midl Include="IDL\MInterfaces.idl">
      <Filter>IDL</Filter>
    </Midl>
    <Midl Include="IDL\MFormats.idl">
      <Filter>IDL</Filter>
    </Midl>
  </ItemGroup>
</Project>